
Microsoft Visual Studio Solution File, Format Version 12.00
# Visual Studio Version 16
VisualStudioVersion = 16.0.29519.87
MinimumVisualStudioVersion = 10.0.40219.1
Project("{9A19103F-16F7-4668-BE54-9A1E7A4F7556}") = "AnonymizationTool", "AnonymizationTool\AnonymizationTool.csproj", "{DE985956-BCAE-4EEF-BEAE-862CC7AB1A0A}"
EndProject
Project("{9A19103F-16F7-4668-BE54-9A1E7A4F7556}") = "TaskDialog", "TaskDialog\TaskDialog\TaskDialog.csproj", "{1AAAAB12-5196-48A9-BB95-F1784AAFEB76}"
EndProject
Global
	GlobalSection(SolutionConfigurationPlatforms) = preSolution
		Debug|Any CPU = Debug|Any CPU
		Release|Any CPU = Release|Any CPU
	EndGlobalSection
	GlobalSection(ProjectConfigurationPlatforms) = postSolution
		{DE985956-BCAE-4EEF-BEAE-862CC7AB1A0A}.Debug|Any CPU.ActiveCfg = Debug|Any CPU
		{DE985956-BCAE-4EEF-BEAE-862CC7AB1A0A}.Debug|Any CPU.Build.0 = Debug|Any CPU
		{DE985956-BCAE-4EEF-BEAE-862CC7AB1A0A}.Release|Any CPU.ActiveCfg = Release|Any CPU
		{DE985956-BCAE-4EEF-BEAE-862CC7AB1A0A}.Release|Any CPU.Build.0 = Release|Any CPU
		{1AAAAB12-5196-48A9-BB95-F1784AAFEB76}.Debug|Any CPU.ActiveCfg = Debug|Any CPU
		{1AAAAB12-5196-48A9-BB95-F1784AAFEB76}.Debug|Any CPU.Build.0 = Debug|Any CPU
		{1AAAAB12-5196-48A9-BB95-F1784AAFEB76}.Release|Any CPU.ActiveCfg = Release|Any CPU
		{1AAAAB12-5196-48A9-BB95-F1784AAFEB76}.Release|Any CPU.Build.0 = Release|Any CPU
	EndGlobalSection
	GlobalSection(SolutionProperties) = preSolution
		HideSolutionNode = FALSE
	EndGlobalSection
	GlobalSection(ExtensibilityGlobals) = postSolution
		SolutionGuid = {E46E364F-904B-4DA1-A7E9-54C305E6ABBB}
	EndGlobalSection
EndGlobal
